<Solution>
  <Folder Name="/Solution Items/">
    <File Path="..\global.json" />
    <File Path="..\Directory.Build.props" />
    <File Path="..\Directory.Build.targets" />
    <File Path="..\.editorconfig" />
  </Folder>
  <Project Path="AiChatClient.Common\AiChatClient.Common.csproj" Type="Classic C#" />
  <Project Path="AiChatClient.Console\AiChatClient.Console.csproj" Type="Classic C#" />
  <Project Path="AiChatClient.Maui\AiChatClient.Maui.csproj" Type="Classic C#" />
</Solution>