<Solution>
  <Folder Name="/Solution Items/">
    <File Path="..\global.json" />
    <File Path="..\Directory.Build.props" />
    <File Path="..\Directory.Build.targets" />
    <File Path="..\.editorconfig" />
  </Folder>
  <Project Path="AiChatClient.Maui\AiChatClient.Maui.csproj" Type="Classic C#" />
  <Project Path="AiChatClient.UnitTests\AiChatClient.UnitTests.csproj" Type="Classic C#" />
</Solution>