<Solution>
  <Folder Name="/Solution Items/">
    <File Path="..\global.json" />
    <File Path="..\Directory.Build.props" />
    <File Path="..\Directory.Build.targets" />
    <File Path="..\.editorconfig" />
  </Folder>
  <Project Path="AiChatClient.Common\AiChatClient.Common.csproj" />
  <Project Path="AiChatClient.Console\AiChatClient.Console.csproj" />
  <Project Path="AiChatClient.Maui\AiChatClient.Maui.csproj" />
  <Project Path="AiChatClient.MCPServer/AiChatClient.MCPServer.csproj" />
</Solution>